
Microsoft Visual Studio Solution File, Format Version 12.00
# Visual Studio Version 17
VisualStudioVersion = 17.5.002.0
MinimumVisualStudioVersion = 10.0.40219.1
Project("{9A19103F-16F7-4668-BE54-9A1E7A4F7556}") = "multi-tenant-sdb", "multi-tenant-sdb.csproj", "{1CB3B241-61D7-4138-A740-1B57BA2296DD}"
EndProject
Global
	GlobalSection(SolutionConfigurationPlatforms) = preSolution
		Debug|Any CPU = Debug|Any CPU
		Release|Any CPU = Release|Any CPU
	EndGlobalSection
	GlobalSection(ProjectConfigurationPlatforms) = postSolution
		{1CB3B241-61D7-4138-A740-1B57BA2296DD}.Debug|Any CPU.ActiveCfg = Debug|Any CPU
		{1CB3B241-61D7-4138-A740-1B57BA2296DD}.Debug|Any CPU.Build.0 = Debug|Any CPU
		{1CB3B241-61D7-4138-A740-1B57BA2296DD}.Release|Any CPU.ActiveCfg = Release|Any CPU
		{1CB3B241-61D7-4138-A740-1B57BA2296DD}.Release|Any CPU.Build.0 = Release|Any CPU
	EndGlobalSection
	GlobalSection(SolutionProperties) = preSolution
		HideSolutionNode = FALSE
	EndGlobalSection
	GlobalSection(ExtensibilityGlobals) = postSolution
		SolutionGuid = {ABF676D8-29A4-4C29-B912-BD977D0E8E52}
	EndGlobalSection
EndGlobal
